
Microsoft Visual Studio Solution File, Format Version 12.00
# Visual Studio Version 17
VisualStudioVersion = 17.4.33103.184
MinimumVisualStudioVersion = 10.0.40219.1
Project("{9A19103F-16F7-4668-BE54-9A1E7A4F7556}") = "ColorBarLib", "ColorBarLib\ColorBarLib.csproj", "{8EB131B8-EBF4-4404-BA7B-16AEDAEEDBBF}"
EndProject
Project("{2150E333-8FDC-42A3-9474-1A3956D46DE8}") = "Examples", "Examples", "{0EA1BC66-680D-4E60-A01F-24912A82B386}"
EndProject
Project("{9A19103F-16F7-4668-BE54-9A1E7A4F7556}") = "Example.Services", "Examples\Services\Example.Services\Example.Services.csproj", "{4F36F8D4-9BBD-4672-A22D-4D36E980F587}"
EndProject
Project("{9A19103F-16F7-4668-BE54-9A1E7A4F7556}") = "Example.Core", "Examples\Example.Core\Example.Core.csproj", "{15C9DDC2-E3EC-4A96-BD3A-45C998C7F0DD}"
EndProject
Project("{9A19103F-16F7-4668-BE54-9A1E7A4F7556}") = "Example", "Examples\Example\Example.csproj", "{FF119772-AE04-49F3-B41F-99607E3A1930}"
EndProject
Project("{9A19103F-16F7-4668-BE54-9A1E7A4F7556}") = "Example.Modules.ModuleName", "Examples\Modules\Example.Modules.ModuleName\Example.Modules.ModuleName.csproj", "{FFD64A52-AF17-4B65-AC61-40A891F74693}"
EndProject
Global
	GlobalSection(SolutionConfigurationPlatforms) = preSolution
		Debug|Any CPU = Debug|Any CPU
		Release|Any CPU = Release|Any CPU
	EndGlobalSection
	GlobalSection(ProjectConfigurationPlatforms) = postSolution
		{8EB131B8-EBF4-4404-BA7B-16AEDAEEDBBF}.Debug|Any CPU.ActiveCfg = Debug|Any CPU
		{8EB131B8-EBF4-4404-BA7B-16AEDAEEDBBF}.Debug|Any CPU.Build.0 = Debug|Any CPU
		{8EB131B8-EBF4-4404-BA7B-16AEDAEEDBBF}.Release|Any CPU.ActiveCfg = Release|Any CPU
		{8EB131B8-EBF4-4404-BA7B-16AEDAEEDBBF}.Release|Any CPU.Build.0 = Release|Any CPU
		{4F36F8D4-9BBD-4672-A22D-4D36E980F587}.Debug|Any CPU.ActiveCfg = Debug|Any CPU
		{4F36F8D4-9BBD-4672-A22D-4D36E980F587}.Debug|Any CPU.Build.0 = Debug|Any CPU
		{4F36F8D4-9BBD-4672-A22D-4D36E980F587}.Release|Any CPU.ActiveCfg = Release|Any CPU
		{4F36F8D4-9BBD-4672-A22D-4D36E980F587}.Release|Any CPU.Build.0 = Release|Any CPU
		{15C9DDC2-E3EC-4A96-BD3A-45C998C7F0DD}.Debug|Any CPU.ActiveCfg = Debug|Any CPU
		{15C9DDC2-E3EC-4A96-BD3A-45C998C7F0DD}.Debug|Any CPU.Build.0 = Debug|Any CPU
		{15C9DDC2-E3EC-4A96-BD3A-45C998C7F0DD}.Release|Any CPU.ActiveCfg = Release|Any CPU
		{15C9DDC2-E3EC-4A96-BD3A-45C998C7F0DD}.Release|Any CPU.Build.0 = Release|Any CPU
		{FF119772-AE04-49F3-B41F-99607E3A1930}.Debug|Any CPU.ActiveCfg = Debug|Any CPU
		{FF119772-AE04-49F3-B41F-99607E3A1930}.Debug|Any CPU.Build.0 = Debug|Any CPU
		{FF119772-AE04-49F3-B41F-99607E3A1930}.Release|Any CPU.ActiveCfg = Release|Any CPU
		{FF119772-AE04-49F3-B41F-99607E3A1930}.Release|Any CPU.Build.0 = Release|Any CPU
		{FFD64A52-AF17-4B65-AC61-40A891F74693}.Debug|Any CPU.ActiveCfg = Debug|Any CPU
		{FFD64A52-AF17-4B65-AC61-40A891F74693}.Debug|Any CPU.Build.0 = Debug|Any CPU
		{FFD64A52-AF17-4B65-AC61-40A891F74693}.Release|Any CPU.ActiveCfg = Release|Any CPU
		{FFD64A52-AF17-4B65-AC61-40A891F74693}.Release|Any CPU.Build.0 = Release|Any CPU
	EndGlobalSection
	GlobalSection(SolutionProperties) = preSolution
		HideSolutionNode = FALSE
	EndGlobalSection
	GlobalSection(NestedProjects) = preSolution
		{4F36F8D4-9BBD-4672-A22D-4D36E980F587} = {0EA1BC66-680D-4E60-A01F-24912A82B386}
		{15C9DDC2-E3EC-4A96-BD3A-45C998C7F0DD} = {0EA1BC66-680D-4E60-A01F-24912A82B386}
		{FF119772-AE04-49F3-B41F-99607E3A1930} = {0EA1BC66-680D-4E60-A01F-24912A82B386}
		{FFD64A52-AF17-4B65-AC61-40A891F74693} = {0EA1BC66-680D-4E60-A01F-24912A82B386}
	EndGlobalSection
	GlobalSection(ExtensibilityGlobals) = postSolution
		SolutionGuid = {3FB7537E-6591-4EFC-81F6-A664FB60CECC}
	EndGlobalSection
EndGlobal
